
Microsoft Visual Studio Solution File, Format Version 12.00
# Visual Studio Version 17
VisualStudioVersion = 17.4.33205.214
MinimumVisualStudioVersion = 10.0.40219.1
Project("{FAE04EC0-301F-11D3-BF4B-00C04F79EFBC}") = "Day04TodoListsEF", "Day04TodoListsEF.csproj", "{4F68C4B1-C723-4DB9-ABD1-AA8CF4E14C98}"
EndProject
Global
	GlobalSection(SolutionConfigurationPlatforms) = preSolution
		Debug|Any CPU = Debug|Any CPU
		Release|Any CPU = Release|Any CPU
	EndGlobalSection
	GlobalSection(ProjectConfigurationPlatforms) = postSolution
		{4F68C4B1-C723-4DB9-ABD1-AA8CF4E14C98}.Debug|Any CPU.ActiveCfg = Debug|Any CPU
		{4F68C4B1-C723-4DB9-ABD1-AA8CF4E14C98}.Debug|Any CPU.Build.0 = Debug|Any CPU
		{4F68C4B1-C723-4DB9-ABD1-AA8CF4E14C98}.Release|Any CPU.ActiveCfg = Release|Any CPU
		{4F68C4B1-C723-4DB9-ABD1-AA8CF4E14C98}.Release|Any CPU.Build.0 = Release|Any CPU
	EndGlobalSection
	GlobalSection(SolutionProperties) = preSolution
		HideSolutionNode = FALSE
	EndGlobalSection
	GlobalSection(ExtensibilityGlobals) = postSolution
		SolutionGuid = {8F9973FE-7696-4CD6-8D48-D4D097EE6D78}
	EndGlobalSection
EndGlobal
