
Microsoft Visual Studio Solution File, Format Version 12.00
# Visual Studio Version 17
VisualStudioVersion = 17.4.33205.214
MinimumVisualStudioVersion = 10.0.40219.1
Project("{FAE04EC0-301F-11D3-BF4B-00C04F79EFBC}") = "Day01PeopleListInFile", "Day01PeopleListInFile.csproj", "{0C30B60D-E210-4337-B933-1EDE40A28679}"
EndProject
Global
	GlobalSection(SolutionConfigurationPlatforms) = preSolution
		Debug|Any CPU = Debug|Any CPU
		Release|Any CPU = Release|Any CPU
	EndGlobalSection
	GlobalSection(ProjectConfigurationPlatforms) = postSolution
		{0C30B60D-E210-4337-B933-1EDE40A28679}.Debug|Any CPU.ActiveCfg = Debug|Any CPU
		{0C30B60D-E210-4337-B933-1EDE40A28679}.Debug|Any CPU.Build.0 = Debug|Any CPU
		{0C30B60D-E210-4337-B933-1EDE40A28679}.Release|Any CPU.ActiveCfg = Release|Any CPU
		{0C30B60D-E210-4337-B933-1EDE40A28679}.Release|Any CPU.Build.0 = Release|Any CPU
	EndGlobalSection
	GlobalSection(SolutionProperties) = preSolution
		HideSolutionNode = FALSE
	EndGlobalSection
	GlobalSection(ExtensibilityGlobals) = postSolution
		SolutionGuid = {29C9A4D7-D5AD-4621-8F8F-5B0F67367C34}
	EndGlobalSection
EndGlobal
