
Microsoft Visual Studio Solution File, Format Version 12.00
# Visual Studio Version 17
VisualStudioVersion = 17.0.31912.275
MinimumVisualStudioVersion = 10.0.40219.1
Project("{FAE04EC0-301F-11D3-BF4B-00C04F79EFBC}") = "Day01TextFile", "Day01TextFile.csproj", "{5437342C-A632-4AC8-B759-01FAC8253056}"
EndProject
Global
	GlobalSection(SolutionConfigurationPlatforms) = preSolution
		Debug|Any CPU = Debug|Any CPU
		Release|Any CPU = Release|Any CPU
	EndGlobalSection
	GlobalSection(ProjectConfigurationPlatforms) = postSolution
		{5437342C-A632-4AC8-B759-01FAC8253056}.Debug|Any CPU.ActiveCfg = Debug|Any CPU
		{5437342C-A632-4AC8-B759-01FAC8253056}.Debug|Any CPU.Build.0 = Debug|Any CPU
		{5437342C-A632-4AC8-B759-01FAC8253056}.Release|Any CPU.ActiveCfg = Release|Any CPU
		{5437342C-A632-4AC8-B759-01FAC8253056}.Release|Any CPU.Build.0 = Release|Any CPU
	EndGlobalSection
	GlobalSection(SolutionProperties) = preSolution
		HideSolutionNode = FALSE
	EndGlobalSection
	GlobalSection(ExtensibilityGlobals) = postSolution
		SolutionGuid = {8233D1D2-AAB7-4B52-A3AC-7883A6107933}
	EndGlobalSection
EndGlobal
